
Microsoft Visual Studio Solution File, Format Version 12.00
# Visual Studio Version 16
VisualStudioVersion = 16.0.31321.278
MinimumVisualStudioVersion = 10.0.40219.1
Project("{FAE04EC0-301F-11D3-BF4B-00C04F79EFBC}") = "EmmanuelMediaPlayer", "EmmanuelMediaPlayer\EmmanuelMediaPlayer.csproj", "{D2B6BE4F-8230-4B42-9E60-4025B853D6EB}"
EndProject
Global
	GlobalSection(SolutionConfigurationPlatforms) = preSolution
		Debug|Any CPU = Debug|Any CPU
		Release|Any CPU = Release|Any CPU
	EndGlobalSection
	GlobalSection(ProjectConfigurationPlatforms) = postSolution
		{D2B6BE4F-8230-4B42-9E60-4025B853D6EB}.Debug|Any CPU.ActiveCfg = Debug|Any CPU
		{D2B6BE4F-8230-4B42-9E60-4025B853D6EB}.Debug|Any CPU.Build.0 = Debug|Any CPU
		{D2B6BE4F-8230-4B42-9E60-4025B853D6EB}.Release|Any CPU.ActiveCfg = Release|Any CPU
		{D2B6BE4F-8230-4B42-9E60-4025B853D6EB}.Release|Any CPU.Build.0 = Release|Any CPU
	EndGlobalSection
	GlobalSection(SolutionProperties) = preSolution
		HideSolutionNode = FALSE
	EndGlobalSection
	GlobalSection(ExtensibilityGlobals) = postSolution
		SolutionGuid = {7573B530-C371-485F-81D5-E60040C6AEA8}
	EndGlobalSection
EndGlobal
